PODS:
  - Flutter (1.0.0)
  - ton_core (0.0.1):
    - Flutter

DEPENDENCIES:
  - Flutter (from `Flutter`)
  - ton_core (from `.symlinks/plugins/ton_core/ios`)

EXTERNAL SOURCES:
  Flutter:
    :path: Flutter
  ton_core:
    :path: ".symlinks/plugins/ton_core/ios"

SPEC CHECKSUMS:
  Flutter: 434fef37c0980e73bb6479ef766c45957d4b510c
  ton_core: fcdff25561a8d4a88ff32cc810e743018f62a52a

PODFILE CHECKSUM: aafe91acc616949ddb318b77800a7f51bffa2a4c

COCOAPODS: 1.10.1
